{
  "originHash" : "2d26cb1501cfa665fc68d924b4d8bc248439b77b7a6f3e5265e68e8b0931e025",
  "pins" : [
    {
      "identity" : "vlckit-spm",
      "kind" : "remoteSourceControl",
      "location" : "https://github.com/MobileVLCKit-SPM/VLCKit-SPM.git",
      "state" : {
        "revision" : "818aca0e9cd605c69a3a5670c2ae662b1ca0783e",
        "version" : "4.0.0-alpha.20260805.1123"
      }
    }
  ],
  "version" : 3
}
